
Microsoft Visual Studio Solution File, Format Version 12.00
# Visual Studio Version 16
VisualStudioVersion = 16.0.31410.357
MinimumVisualStudioVersion = 10.0.40219.1
Project("{FAE04EC0-301F-11D3-BF4B-00C04F79EFBC}") = "ConsoleApp1", "ConsoleApp1.csproj", "{EADB8511-3F08-4D8A-B06C-0E4F468E54AD}"
EndProject
Global
	GlobalSection(SolutionConfigurationPlatforms) = preSolution
		Debug|Any CPU = Debug|Any CPU
		Release|Any CPU = Release|Any CPU
	EndGlobalSection
	GlobalSection(ProjectConfigurationPlatforms) = postSolution
		{EADB8511-3F08-4D8A-B06C-0E4F468E54AD}.Debug|Any CPU.ActiveCfg = Debug|Any CPU
		{EADB8511-3F08-4D8A-B06C-0E4F468E54AD}.Debug|Any CPU.Build.0 = Debug|Any CPU
		{EADB8511-3F08-4D8A-B06C-0E4F468E54AD}.Release|Any CPU.ActiveCfg = Release|Any CPU
		{EADB8511-3F08-4D8A-B06C-0E4F468E54AD}.Release|Any CPU.Build.0 = Release|Any CPU
	EndGlobalSection
	GlobalSection(SolutionProperties) = preSolution
		HideSolutionNode = FALSE
	EndGlobalSection
	GlobalSection(ExtensibilityGlobals) = postSolution
		SolutionGuid = {D3BF6BBE-7B2F-41C6-B8F4-C22A595F8D9D}
	EndGlobalSection
EndGlobal
